
Microsoft Visual Studio Solution File, Format Version 12.00
# Visual Studio 14
VisualStudioVersion = 14.0.23107.0
MinimumVisualStudioVersion = 10.0.40219.1
Project("{FAE04EC0-301F-11D3-BF4B-00C04F79EFBC}") = "test", "test\test.csproj", "{CC4DD5C7-BFA4-4EED-8C23-48B5ACB49FA3}"
EndProject
Global
	GlobalSection(SolutionConfigurationPlatforms) = preSolution
		Debug|Any CPU = Debug|Any CPU
		Release|Any CPU = Release|Any CPU
	EndGlobalSection
	GlobalSection(ProjectConfigurationPlatforms) = postSolution
		{CC4DD5C7-BFA4-4EED-8C23-48B5ACB49FA3}.Debug|Any CPU.ActiveCfg = Debug|Any CPU
		{CC4DD5C7-BFA4-4EED-8C23-48B5ACB49FA3}.Debug|Any CPU.Build.0 = Debug|Any CPU
		{CC4DD5C7-BFA4-4EED-8C23-48B5ACB49FA3}.Release|Any CPU.ActiveCfg = Release|Any CPU
		{CC4DD5C7-BFA4-4EED-8C23-48B5ACB49FA3}.Release|Any CPU.Build.0 = Release|Any CPU
	EndGlobalSection
	GlobalSection(SolutionProperties) = preSolution
		HideSolutionNode = FALSE
	EndGlobalSection
EndGlobal
